
Microsoft Visual Studio Solution File, Format Version 12.00
# Visual Studio Version 16
VisualStudioVersion = 16.0.30907.101
MinimumVisualStudioVersion = 10.0.40219.1
Project("{FAE04EC0-301F-11D3-BF4B-00C04F79EFBC}") = "Exercício 5 M", "Exercício 5 M\Exercício 5 M.csproj", "{EA81C877-3D82-42C8-8AB5-00F669B147A3}"
EndProject
Global
	GlobalSection(SolutionConfigurationPlatforms) = preSolution
		Debug|Any CPU = Debug|Any CPU
		Release|Any CPU = Release|Any CPU
	EndGlobalSection
	GlobalSection(ProjectConfigurationPlatforms) = postSolution
		{EA81C877-3D82-42C8-8AB5-00F669B147A3}.Debug|Any CPU.ActiveCfg = Debug|Any CPU
		{EA81C877-3D82-42C8-8AB5-00F669B147A3}.Debug|Any CPU.Build.0 = Debug|Any CPU
		{EA81C877-3D82-42C8-8AB5-00F669B147A3}.Release|Any CPU.ActiveCfg = Release|Any CPU
		{EA81C877-3D82-42C8-8AB5-00F669B147A3}.Release|Any CPU.Build.0 = Release|Any CPU
	EndGlobalSection
	GlobalSection(SolutionProperties) = preSolution
		HideSolutionNode = FALSE
	EndGlobalSection
	GlobalSection(ExtensibilityGlobals) = postSolution
		SolutionGuid = {D6D72B7D-5550-4B13-88FA-552072AD0591}
	EndGlobalSection
EndGlobal
